
Microsoft Visual Studio Solution File, Format Version 12.00
# Visual Studio Version 17
VisualStudioVersion = 17.3.32804.467
MinimumVisualStudioVersion = 10.0.40219.1
Project("{FAE04EC0-301F-11D3-BF4B-00C04F79EFBC}") = "ChatHubApplication", "ChatHubApplication\ChatHubApplication.csproj", "{CAB828CA-0CD8-4879-8B72-663EF42631DA}"
EndProject
Global
	GlobalSection(SolutionConfigurationPlatforms) = preSolution
		Debug|Any CPU = Debug|Any CPU
		Release|Any CPU = Release|Any CPU
	EndGlobalSection
	GlobalSection(ProjectConfigurationPlatforms) = postSolution
		{CAB828CA-0CD8-4879-8B72-663EF42631DA}.Debug|Any CPU.ActiveCfg = Debug|Any CPU
		{CAB828CA-0CD8-4879-8B72-663EF42631DA}.Debug|Any CPU.Build.0 = Debug|Any CPU
		{CAB828CA-0CD8-4879-8B72-663EF42631DA}.Release|Any CPU.ActiveCfg = Release|Any CPU
		{CAB828CA-0CD8-4879-8B72-663EF42631DA}.Release|Any CPU.Build.0 = Release|Any CPU
	EndGlobalSection
	GlobalSection(SolutionProperties) = preSolution
		HideSolutionNode = FALSE
	EndGlobalSection
	GlobalSection(ExtensibilityGlobals) = postSolution
		SolutionGuid = {7806BDBA-D40B-4F25-800E-A1E3C8BE3621}
	EndGlobalSection
EndGlobal
